# This file is automatically @generated by Cargo.
# It is not intended for manual editing.
version = 4

[[package]]
name = "autocfg"
version = "1.5.1"
source = "registry+https://github.com/rust-lang/crates.io-index"
checksum = "f2032f911046de80f0a198e0901378627c33f59ea0ac00e363d481118bd70a53"

[[package]]
name = "comppoly-field-bench"
version = "0.1.0"
dependencies = [
 "p3-field",
 "p3-goldilocks",
 "p3-koala-bear",
 "p3-mersenne-31",
 "serde",
 "serde_json",
]

[[package]]
name = "either"
version = "1.18.0"
source = "registry+https://github.com/rust-lang/crates.io-index"
checksum = "252afb9ae5eaa683babdc6a068b3f5726eb19e05070c731f9b2a23a7c3e8ed34"

[[package]]
name = "itertools"
version = "0.14.0"
source = "registry+https://github.com/rust-lang/crates.io-index"
checksum = "2b192c782037fadd9cfa75548310488aabdbf3d2da73885b31bd0abd03351285"
dependencies = [
 "either",
]

[[package]]
name = "itoa"
version = "1.0.18"
source = "registry+https://github.com/rust-lang/crates.io-index"
checksum = "8f42a60cbdf9a97f5d2305f08a87dc4e09308d1276d28c869c684d7777685682"

[[package]]
name = "lock_api"
version = "0.4.14"
source = "registry+https://github.com/rust-lang/crates.io-index"
checksum = "224399e74b87b5f3557511d98dff8b14089b3dadafcab6bb93eab67d3aace965"
dependencies = [
 "scopeguard",
]

[[package]]
name = "memchr"
version = "2.8.3"
source = "registry+https://github.com/rust-lang/crates.io-index"
checksum = "cf8baf1c55e62ffcace7a9f06f4bd9cd3f0c4beb022d3b367256b91b87513d98"

[[package]]
name = "num-bigint"
version = "0.4.8"
source = "registry+https://github.com/rust-lang/crates.io-index"
checksum = "c89e69e7e0f03bea5ef08013795c25018e101932225a656383bd384495ecc367"
dependencies = [
 "num-integer",
 "num-traits",
]

[[package]]
name = "num-integer"
version = "0.1.47"
source = "registry+https://github.com/rust-lang/crates.io-index"
checksum = "7ce2d95d4b3734dc35aa2f45e1aa22cd416814592a4f9d9205e11affd5b8e10b"
dependencies = [
 "num-traits",
]

[[package]]
name = "num-traits"
version = "0.2.19"
source = "registry+https://github.com/rust-lang/crates.io-index"
checksum = "071dfc062690e90b734c0b2273ce72ad0ffa95f0c74596bc250dcfd960262841"
dependencies = [
 "autocfg",
]

[[package]]
name = "p3-challenger"
version = "0.4.2"
source = "registry+https://github.com/rust-lang/crates.io-index"
checksum = "20e42ba74a49c08c6e99f74cd9b343bfa31aa5721fea55079b18e3fd65f1dcbc"
dependencies = [
 "p3-field",
 "p3-maybe-rayon",
 "p3-monty-31",
 "p3-symmetric",
 "p3-util",
 "tracing",
]

[[package]]
name = "p3-dft"
version = "0.4.2"
source = "registry+https://github.com/rust-lang/crates.io-index"
checksum = "e63fa5eb1bd12a240089e72ae3fe10350944d9c166d00a3bfd2a1794db65cf5c"
dependencies = [
 "itertools",
 "p3-field",
 "p3-matrix",
 "p3-maybe-rayon",
 "p3-util",
 "spin",
 "tracing",
]

[[package]]
name = "p3-field"
version = "0.4.2"
source = "registry+https://github.com/rust-lang/crates.io-index"
checksum = "2ebfdb6ef992ae64e9e8f449ac46516ffa584f11afbdf9ee244288c2a633cdf4"
dependencies = [
 "itertools",
 "num-bigint",
 "p3-maybe-rayon",
 "p3-util",
 "paste",
 "rand",
 "serde",
 "tracing",
]

[[package]]
name = "p3-goldilocks"
version = "0.4.2"
source = "registry+https://github.com/rust-lang/crates.io-index"
checksum = "64716244b5612622d4e78a4f48b74f6d3bb7b4085b7b6b25364b1dfca7198c66"
dependencies = [
 "num-bigint",
 "p3-challenger",
 "p3-dft",
 "p3-field",
 "p3-mds",
 "p3-poseidon2",
 "p3-symmetric",
 "p3-util",
 "paste",
 "rand",
 "serde",
]

[[package]]
name = "p3-koala-bear"
version = "0.4.2"
source = "registry+https://github.com/rust-lang/crates.io-index"
checksum = "5113f50002c56006685b7d7ae12db568150aa1d4bfb092b883d64ece20138042"
dependencies = [
 "p3-challenger",
 "p3-field",
 "p3-monty-31",
 "p3-poseidon2",
 "p3-symmetric",
 "rand",
]

[[package]]
name = "p3-matrix"
version = "0.4.2"
source = "registry+https://github.com/rust-lang/crates.io-index"
checksum = "5542f96504dae8100c91398fb1e3f5ec669eb9c73d9e0b018a93b5fe32bad230"
dependencies = [
 "itertools",
 "p3-field",
 "p3-maybe-rayon",
 "p3-util",
 "rand",
 "serde",
 "tracing",
 "transpose",
]

[[package]]
name = "p3-maybe-rayon"
version = "0.4.3"
source = "registry+https://github.com/rust-lang/crates.io-index"
checksum = "54afab3883d8a14676b492709d6c4e9fa535c36718b737db0817aacfaaaa11f6"

[[package]]
name = "p3-mds"
version = "0.4.2"
source = "registry+https://github.com/rust-lang/crates.io-index"
checksum = "038763af23df9da653065867fd85b38626079031576c86fd537097e5be6a0da0"
dependencies = [
 "p3-dft",
 "p3-field",
 "p3-symmetric",
 "p3-util",
 "rand",
]

[[package]]
name = "p3-mersenne-31"
version = "0.4.2"
source = "registry+https://github.com/rust-lang/crates.io-index"
checksum = "57a16c377cdb22083de5d0ee1eb4377a137a3988dbb58050f875791cb47b5bbc"
dependencies = [
 "itertools",
 "num-bigint",
 "p3-challenger",
 "p3-dft",
 "p3-field",
 "p3-matrix",
 "p3-mds",
 "p3-poseidon2",
 "p3-symmetric",
 "p3-util",
 "paste",
 "rand",
 "serde",
]

[[package]]
name = "p3-monty-31"
version = "0.4.2"
source = "registry+https://github.com/rust-lang/crates.io-index"
checksum = "57a981d60da3d8cbf8561014e2c186068578405fd69098fa75b43d4afb364a47"
dependencies = [
 "itertools",
 "num-bigint",
 "p3-dft",
 "p3-field",
 "p3-matrix",
 "p3-maybe-rayon",
 "p3-mds",
 "p3-poseidon2",
 "p3-symmetric",
 "p3-util",
 "paste",
 "rand",
 "serde",
 "spin",
 "tracing",
 "transpose",
]

[[package]]
name = "p3-poseidon2"
version = "0.4.2"
source = "registry+https://github.com/rust-lang/crates.io-index"
checksum = "903b73e4f9a7781a18561c74dc169cf03333497b57a8dd02aaeb130c0f386599"
dependencies = [
 "p3-field",
 "p3-mds",
 "p3-symmetric",
 "p3-util",
 "rand",
]

[[package]]
name = "p3-symmetric"
version = "0.4.2"
source = "registry+https://github.com/rust-lang/crates.io-index"
checksum = "3cd788f04e86dd5c35dd87cad29eefdb6371d2fd5f7664451382eeacae3c3ed0"
dependencies = [
 "itertools",
 "p3-field",
 "serde",
]

[[package]]
name = "p3-util"
version = "0.4.3"
source = "registry+https://github.com/rust-lang/crates.io-index"
checksum = "911154accf66034b0eec4452956c088f92a200b37a8225c1caed74cfbd38cc8d"
dependencies = [
 "serde",
 "transpose",
]

[[package]]
name = "paste"
version = "1.0.15"
source = "registry+https://github.com/rust-lang/crates.io-index"
checksum = "57c0d7b74b563b49d38dae00a0c37d4d6de9b432382b2892f0574ddcae73fd0a"

[[package]]
name = "pin-project-lite"
version = "0.2.17"
source = "registry+https://github.com/rust-lang/crates.io-index"
checksum = "a89322df9ebe1c1578d689c92318e070967d1042b512afbe49518723f4e6d5cd"

[[package]]
name = "proc-macro2"
version = "1.0.107"
source = "registry+https://github.com/rust-lang/crates.io-index"
checksum = "985e7ec9bb745e6ce6535b544d84d6cd6f7ad8bd711c398938ae983b91a766d9"
dependencies = [
 "unicode-ident",
]

[[package]]
name = "quote"
version = "1.0.47"
source = "registry+https://github.com/rust-lang/crates.io-index"
checksum = "1fbf4db142a473a8d80c26bbf18454ed458bf8d26c8219c331daecfdbd079001"
dependencies = [
 "proc-macro2",
]

[[package]]
name = "rand"
version = "0.9.5"
source = "registry+https://github.com/rust-lang/crates.io-index"
checksum = "b9ef1d0d795eb7d84685bca4f72f3649f064e6641543d3a8c415898726a57b41"
dependencies = [
 "rand_core",
]

[[package]]
name = "rand_core"
version = "0.9.5"
source = "registry+https://github.com/rust-lang/crates.io-index"
checksum = "76afc826de14238e6e8c374ddcc1fa19e374fd8dd986b0d2af0d02377261d83c"

[[package]]
name = "scopeguard"
version = "1.2.0"
source = "registry+https://github.com/rust-lang/crates.io-index"
checksum = "94143f37725109f92c262ed2cf5e59bce7498c01bcc1502d7b9afe439a4e9f49"

[[package]]
name = "serde"
version = "1.0.229"
source = "registry+https://github.com/rust-lang/crates.io-index"
checksum = "4148590afebada386688f18773da617792bf2ef03ffc1e4cbd2b1d45b023e0ba"
dependencies = [
 "serde_core",
 "serde_derive",
]

[[package]]
name = "serde_core"
version = "1.0.229"
source = "registry+https://github.com/rust-lang/crates.io-index"
checksum = "67dca2c9c51e58a4791a4b1ed58308b39c64224d349a935ab5039aa360942a48"
dependencies = [
 "serde_derive",
]

[[package]]
name = "serde_derive"
version = "1.0.229"
source = "registry+https://github.com/rust-lang/crates.io-index"
checksum = "e7a5d71263a5a7d47b41f6b3f06ba276f10cc18b0931f1799f710578e2309348"
dependencies = [
 "proc-macro2",
 "quote",
 "syn 3.0.6",
]

[[package]]
name = "serde_json"
version = "1.0.151"
source = "registry+https://github.com/rust-lang/crates.io-index"
checksum = "c841b55ecdae098c80dcae9cf767f6f8a0c2cdb3416bbef72181df4d0fe73f14"
dependencies = [
 "itoa",
 "memchr",
 "serde",
 "serde_core",
 "zmij",
]

[[package]]
name = "spin"
version = "0.10.1"
source = "registry+https://github.com/rust-lang/crates.io-index"
checksum = "023a211cb3138dbc438680b32560ad89f699977624c9f8dbb95a47d5b4c07dd3"
dependencies = [
 "lock_api",
]

[[package]]
name = "strength_reduce"
version = "0.2.4"
source = "registry+https://github.com/rust-lang/crates.io-index"
checksum = "fe895eb47f22e2ddd4dabc02bce419d2e643c8e3b585c78158b349195bc24d82"

[[package]]
name = "syn"
version = "2.0.119"
source = "registry+https://github.com/rust-lang/crates.io-index"
checksum = "872831b642d1a07999a962a351ed35b955ea2cfc8f3862091e2a240a84f17297"
dependencies = [
 "proc-macro2",
 "quote",
 "unicode-ident",
]

[[package]]
name = "syn"
version = "3.0.6"
source = "registry+https://github.com/rust-lang/crates.io-index"
checksum = "8593e8e72159ed2257d083c7a454a85cbf854f37a0966d8d483aff8c8a3ebcee"
dependencies = [
 "proc-macro2",
 "quote",
 "unicode-ident",
]

[[package]]
name = "tracing"
version = "0.1.44"
source = "registry+https://github.com/rust-lang/crates.io-index"
checksum = "63e71662fa4b2a2c3a26f570f037eb95bb1f85397f3cd8076caed2f026a6d100"
dependencies = [
 "pin-project-lite",
 "tracing-attributes",
 "tracing-core",
]

[[package]]
name = "tracing-attributes"
version = "0.1.31"
source = "registry+https://github.com/rust-lang/crates.io-index"
checksum = "7490cfa5ec963746568740651ac6781f701c9c5ea257c58e057f3ba8cf69e8da"
dependencies = [
 "proc-macro2",
 "quote",
 "syn 2.0.119",
]

[[package]]
name = "tracing-core"
version = "0.1.36"
source = "registry+https://github.com/rust-lang/crates.io-index"
checksum = "db97caf9d906fbde555dd62fa95ddba9eecfd14cb388e4f491a66d74cd5fb79a"

[[package]]
name = "transpose"
version = "0.2.3"
source = "registry+https://github.com/rust-lang/crates.io-index"
checksum = "1ad61aed86bc3faea4300c7aee358b4c6d0c8d6ccc36524c96e4c92ccf26e77e"
dependencies = [
 "num-integer",
 "strength_reduce",
]

[[package]]
name = "unicode-ident"
version = "1.0.26"
source = "registry+https://github.com/rust-lang/crates.io-index"
checksum = "d245f478577f809a851594d02313b640fb437e0bb33866753cff937863096954"

[[package]]
name = "zmij"
version = "1.0.23"
source = "registry+https://github.com/rust-lang/crates.io-index"
checksum = "29666d0abbfad1e3dc4dcf6144730dd3a3ab225bbbdac83319345b1b44ccfc1b"
